// !$*UTF8*$!
{
	archiveVersion = 1;
	classes = {
	};
	objectVersion = 50;
	objects = {

/* Begin PBXBuildFile section */
		3224EBD124696F0D001FFAFF /* AppDelegate.swift in Sources */ = {isa = PBXBuildFile; fileRef = 3224EBD024696F0D001FFAFF /* AppDelegate.swift */; };
		3224EBD324696F0D001FFAFF /* SceneDelegate.swift in Sources */ = {isa = PBXBuildFile; fileRef = 3224EBD224696F0D001FFAFF /* SceneDelegate.swift */; };
		3224EBD524696F0D001FFAFF /* ViewController.swift in Sources */ = {isa = PBXBuildFile; fileRef = 3224EBD424696F0D001FFAFF /* ViewController.swift */; };
		3224EBD824696F0D001FFAFF /* Main.storyboard in Resources */ = {isa = PBXBuildFile; fileRef = 3224EBD624696F0D001FFAFF /* Main.storyboard */; };
		3224EBDA24696F0E001FFAFF /* Assets.xcassets in Resources */ = {isa = PBXBuildFile; fileRef = 3224EBD924696F0E001FFAFF /* Assets.xcassets */; };
		3224EBDD24696F0E001FFAFF /* LaunchScreen.storyboard in Resources */ = {isa = PBXBuildFile; fileRef = 3224EBDB24696F0E001FFAFF /* LaunchScreen.storyboard */; };
		3224EBE824696F0F001FFAFF /* snakeTests.swift in Sources */ = {isa = PBXBuildFile; fileRef = 3224EBE724696F0F001FFAFF /* snakeTests.swift */; };
		3224EBF324696F0F001FFAFF /* snakeUITests.swift in Sources */ = {isa = PBXBuildFile; fileRef = 3224EBF224696F0F001FFAFF /* snakeUITests.swift */; };
		3224EC01246972A6001FFAFF /* BoardModel.swift in Sources */ = {isa = PBXBuildFile; fileRef = 3224EC00246972A6001FFAFF /* BoardModel.swift */; };
		3224EC0324697317001FFAFF /* SnakeModel.swift in Sources */ = {isa = PBXBuildFile; fileRef = 3224EC0224697317001FFAFF /* SnakeModel.swift */; };
		3224EC07246977CE001FFAFF /* Utils.swift in Sources */ = {isa = PBXBuildFile; fileRef = 3224EC06246977CE001FFAFF /* Utils.swift */; };
/* End PBXBuildFile section */

/* Begin PBXContainerItemProxy section */
		3224EBE424696F0F001FFAFF /* PBXContainerItemProxy */ = {
			isa = PBXContainerItemProxy;
			containerPortal = 3224EBC524696F0D001FFAFF /* Project object */;
			proxyType = 1;
			remoteGlobalIDString = 3224EBCC24696F0D001FFAFF;
			remoteInfo = snake;
		};
		3224EBEF24696F0F001FFAFF /* PBXContainerItemProxy */ = {
			isa = PBXContainerItemProxy;
			containerPortal = 3224EBC524696F0D001FFAFF /* Project object */;
			proxyType = 1;
			remoteGlobalIDString = 3224EBCC24696F0D001FFAFF;
			remoteInfo = snake;
		};
/* End PBXContainerItemProxy section */

/* Begin PBXFileReference section */
		3224EBCD24696F0D001FFAFF /* snake.app */ = {isa = PBXFileReference; explicitFileType = wrapper.application; includeInIndex = 0; path = snake.app; sourceTree = BUILT_PRODUCTS_DIR; };
		3224EBD024696F0D001FFAFF /* AppDelegate.swift */ = {isa = PBXFileReference; lastKnownFileType = sourcecode.swift; path = AppDelegate.swift; sourceTree = "<group>"; };
		3224EBD224696F0D001FFAFF /* SceneDelegate.swift */ = {isa = PBXFileReference; lastKnownFileType = sourcecode.swift; path = SceneDelegate.swift; sourceTree = "<group>"; };
		3224EBD424696F0D001FFAFF /* ViewController.swift */ = {isa = PBXFileReference; lastKnownFileType = sourcecode.swift; path = ViewController.swift; sourceTree = "<group>"; };
		3224EBD724696F0D001FFAFF /* Base */ = {isa = PBXFileReference; lastKnownFileType = file.storyboard; name = Base; path = Base.lproj/Main.storyboard; sourceTree = "<group>"; };
		3224EBD924696F0E001FFAFF /* Assets.xcassets */ = {isa = PBXFileReference; lastKnownFileType = folder.assetcatalog; path = Assets.xcassets; sourceTree = "<group>"; };
		3224EBDC24696F0E001FFAFF /* Base */ = {isa = PBXFileReference; lastKnownFileType = file.storyboard; name = Base; path = Base.lproj/LaunchScreen.storyboard; sourceTree = "<group>"; };
		3224EBDE24696F0E001FFAFF /* Info.plist */ = {isa = PBXFileReference; lastKnownFileType = text.plist.xml; path = Info.plist; sourceTree = "<group>"; };
		3224EBE324696F0E001FFAFF /* snakeTests.xctest */ = {isa = PBXFileReference; explicitFileType = wrapper.cfbundle; includeInIndex = 0; path = snakeTests.xctest; sourceTree = BUILT_PRODUCTS_DIR; };
		3224EBE724696F0F001FFAFF /* snakeTests.swift */ = {isa = PBXFileReference; lastKnownFileType = sourcecode.swift; path = snakeTests.swift; sourceTree = "<group>"; };
		3224EBE924696F0F001FFAFF /* Info.plist */ = {isa = PBXFileReference; lastKnownFileType = text.plist.xml; path = Info.plist; sourceTree = "<group>"; };
		3224EBEE24696F0F001FFAFF /* snakeUITests.xctest */ = {isa = PBXFileReference; explicitFileType = wrapper.cfbundle; includeInIndex = 0; path = snakeUITests.xctest; sourceTree = BUILT_PRODUCTS_DIR; };
		3224EBF224696F0F001FFAFF /* snakeUITests.swift */ = {isa = PBXFileReference; lastKnownFileType = sourcecode.swift; path = snakeUITests.swift; sourceTree = "<group>"; };
		3224EBF424696F0F001FFAFF /* Info.plist */ = {isa = PBXFileReference; lastKnownFileType = text.plist.xml; path = Info.plist; sourceTree = "<group>"; };
		3224EC00246972A6001FFAFF /* BoardModel.swift */ = {isa = PBXFileReference; lastKnownFileType = sourcecode.swift; path = BoardModel.swift; sourceTree = "<group>"; };
		3224EC0224697317001FFAFF /* SnakeModel.swift */ = {isa = PBXFileReference; lastKnownFileType = sourcecode.swift; path = SnakeModel.swift; sourceTree = "<group>"; };
		3224EC06246977CE001FFAFF /* Utils.swift */ = {isa = PBXFileReference; lastKnownFileType = sourcecode.swift; path = Utils.swift; sourceTree = "<group>"; };
/* End PBXFileReference section */

/* Begin PBXFrameworksBuildPhase section */
		3224EBCA24696F0D001FFAFF /* Frameworks */ = {
			isa = PBXFrameworksBuildPhase;
			buildActionMask = 2147483647;
			files = (
			);
			runOnlyForDeploymentPostprocessing = 0;
		};
		3224EBE024696F0E001FFAFF /* Frameworks */ = {
			isa = PBXFrameworksBuildPhase;
			buildActionMask = 2147483647;
			files = (
			);
			runOnlyForDeploymentPostprocessing = 0;
		};
		3224EBEB24696F0F001FFAFF /* Frameworks */ = {
			isa = PBXFrameworksBuildPhase;
			buildActionMask = 2147483647;
			files = (
			);
			runOnlyForDeploymentPostprocessing = 0;
		};
/* End PBXFrameworksBuildPhase section */

/* Begin PBXGroup section */
		3224EBC424696F0D001FFAFF = {
			isa = PBXGroup;
			children = (
				3224EBCF24696F0D001FFAFF /* snake */,
				3224EBE624696F0F001FFAFF /* snakeTests */,
				3224EBF124696F0F001FFAFF /* snakeUITests */,
				3224EBCE24696F0D001FFAFF /* Products */,
			);
			sourceTree = "<group>";
		};
		3224EBCE24696F0D001FFAFF /* Products */ = {
			isa = PBXGroup;
			children = (
				3224EBCD24696F0D001FFAFF /* snake.app */,
				3224EBE324696F0E001FFAFF /* snakeTests.xctest */,
				3224EBEE24696F0F001FFAFF /* snakeUITests.xctest */,
			);
			name = Products;
			sourceTree = "<group>";
		};
		3224EBCF24696F0D001FFAFF /* snake */ = {
			isa = PBXGroup;
			children = (
				3224EBD024696F0D001FFAFF /* AppDelegate.swift */,
				3224EBD224696F0D001FFAFF /* SceneDelegate.swift */,
				3224EBD424696F0D001FFAFF /* ViewController.swift */,
				3224EBD624696F0D001FFAFF /* Main.storyboard */,
				3224EBD924696F0E001FFAFF /* Assets.xcassets */,
				3224EBDB24696F0E001FFAFF /* LaunchScreen.storyboard */,
				3224EBDE24696F0E001FFAFF /* Info.plist */,
				3224EC00246972A6001FFAFF /* BoardModel.swift */,
				3224EC0224697317001FFAFF /* SnakeModel.swift */,
				3224EC06246977CE001FFAFF /* Utils.swift */,
			);
			path = snake;
			sourceTree = "<group>";
		};
		3224EBE624696F0F001FFAFF /* snakeTests */ = {
			isa = PBXGroup;
			children = (
				3224EBE724696F0F001FFAFF /* snakeTests.swift */,
				3224EBE924696F0F001FFAFF /* Info.plist */,
			);
			path = snakeTests;
			sourceTree = "<group>";
		};
		3224EBF124696F0F001FFAFF /* snakeUITests */ = {
			isa = PBXGroup;
			children = (
				3224EBF224696F0F001FFAFF /* snakeUITests.swift */,
				3224EBF424696F0F001FFAFF /* Info.plist */,
			);
			path = snakeUITests;
			sourceTree = "<group>";
		};
/* End PBXGroup section */

/* Begin PBXNativeTarget section */
		3224EBCC24696F0D001FFAFF /* snake */ = {
			isa = PBXNativeTarget;
			buildConfigurationList = 3224EBF724696F0F001FFAFF /* Build configuration list for PBXNativeTarget "snake" */;
			buildPhases = (
				3224EBC924696F0D001FFAFF /* Sources */,
				3224EBCA24696F0D001FFAFF /* Frameworks */,
				3224EBCB24696F0D001FFAFF /* Resources */,
			);
			buildRules = (
			);
			dependencies = (
			);
			name = snake;
			productName = snake;
			productReference = 3224EBCD24696F0D001FFAFF /* snake.app */;
			productType = "com.apple.product-type.application";
		};
		3224EBE224696F0E001FFAFF /* snakeTests */ = {
			isa = PBXNativeTarget;
			buildConfigurationList = 3224EBFA24696F0F001FFAFF /* Build configuration list for PBXNativeTarget "snakeTests" */;
			buildPhases = (
				3224EBDF24696F0E001FFAFF /* Sources */,
				3224EBE024696F0E001FFAFF /* Frameworks */,
				3224EBE124696F0E001FFAFF /* Resources */,
			);
			buildRules = (
			);
			dependencies = (
				3224EBE524696F0F001FFAFF /* PBXTargetDependency */,
			);
			name = snakeTests;
			productName = snakeTests;
			productReference = 3224EBE324696F0E001FFAFF /* snakeTests.xctest */;
			productType = "com.apple.product-type.bundle.unit-test";
		};
		3224EBED24696F0F001FFAFF /* snakeUITests */ = {
			isa = PBXNativeTarget;
			buildConfigurationList = 3224EBFD24696F0F001FFAFF /* Build configuration list for PBXNativeTarget "snakeUITests" */;
			buildPhases = (
				3224EBEA24696F0F001FFAFF /* Sources */,
				3224EBEB24696F0F001FFAFF /* Frameworks */,
				3224EBEC24696F0F001FFAFF /* Resources */,
			);
			buildRules = (
			);
			dependencies = (
				3224EBF024696F0F001FFAFF /* PBXTargetDependency */,
			);
			name = snakeUITests;
			productName = snakeUITests;
			productReference = 3224EBEE24696F0F001FFAFF /* snakeUITests.xctest */;
			productType = "com.apple.product-type.bundle.ui-testing";
		};
/* End PBXNativeTarget section */

/* Begin PBXProject section */
		3224EBC524696F0D001FFAFF /* Project object */ = {
			isa = PBXProject;
			attributes = {
				LastSwiftUpdateCheck = 1140;
				LastUpgradeCheck = 1140;
				ORGANIZATIONNAME = " Igor Nadiein";
				TargetAttributes = {
					3224EBCC24696F0D001FFAFF = {
						CreatedOnToolsVersion = 11.4.1;
					};
					3224EBE224696F0E001FFAFF = {
						CreatedOnToolsVersion = 11.4.1;
						TestTargetID = 3224EBCC24696F0D001FFAFF;
					};
					3224EBED24696F0F001FFAFF = {
						CreatedOnToolsVersion = 11.4.1;
						TestTargetID = 3224EBCC24696F0D001FFAFF;
					};
				};
			};
			buildConfigurationList = 3224EBC824696F0D001FFAFF /* Build configuration list for PBXProject "snake" */;
			compatibilityVersion = "Xcode 9.3";
			developmentRegion = en;
			hasScannedForEncodings = 0;
			knownRegions = (
				en,
				Base,
			);
			mainGroup = 3224EBC424696F0D001FFAFF;
			productRefGroup = 3224EBCE24696F0D001FFAFF /* Products */;
			projectDirPath = "";
			projectRoot = "";
			targets = (
				3224EBCC24696F0D001FFAFF /* snake */,
				3224EBE224696F0E001FFAFF /* snakeTests */,
				3224EBED24696F0F001FFAFF /* snakeUITests */,
			);
		};
/* End PBXProject section */

/* Begin PBXResourcesBuildPhase section */
		3224EBCB24696F0D001FFAFF /* Resources */ = {
			isa = PBXResourcesBuildPhase;
			buildActionMask = 2147483647;
			files = (
				3224EBDD24696F0E001FFAFF /* LaunchScreen.storyboard in Resources */,
				3224EBDA24696F0E001FFAFF /* Assets.xcassets in Resources */,
				3224EBD824696F0D001FFAFF /* Main.storyboard in Resources */,
			);
			runOnlyForDeploymentPostprocessing = 0;
		};
		3224EBE124696F0E001FFAFF /* Resources */ = {
			isa = PBXResourcesBuildPhase;
			buildActionMask = 2147483647;
			files = (
			);
			runOnlyForDeploymentPostprocessing = 0;
		};
		3224EBEC24696F0F001FFAFF /* Resources */ = {
			isa = PBXResourcesBuildPhase;
			buildActionMask = 2147483647;
			files = (
			);
			runOnlyForDeploymentPostprocessing = 0;
		};
/* End PBXResourcesBuildPhase section */

/* Begin PBXSourcesBuildPhase section */
		3224EBC924696F0D001FFAFF /* Sources */ = {
			isa = PBXSourcesBuildPhase;
			buildActionMask = 2147483647;
			files = (
				3224EC01246972A6001FFAFF /* BoardModel.swift in Sources */,
				3224EBD524696F0D001FFAFF /* ViewController.swift in Sources */,
				3224EBD124696F0D001FFAFF /* AppDelegate.swift in Sources */,
				3224EBD324696F0D001FFAFF /* SceneDelegate.swift in Sources */,
				3224EC0324697317001FFAFF /* SnakeModel.swift in Sources */,
				3224EC07246977CE001FFAFF /* Utils.swift in Sources */,
			);
			runOnlyForDeploymentPostprocessing = 0;
		};
		3224EBDF24696F0E001FFAFF /* Sources */ = {
			isa = PBXSourcesBuildPhase;
			buildActionMask = 2147483647;
			files = (
				3224EBE824696F0F001FFAFF /* snakeTests.swift in Sources */,
			);
			runOnlyForDeploymentPostprocessing = 0;
		};
		3224EBEA24696F0F001FFAFF /* Sources */ = {
			isa = PBXSourcesBuildPhase;
			buildActionMask = 2147483647;
			files = (
				3224EBF324696F0F001FFAFF /* snakeUITests.swift in Sources */,
			);
			runOnlyForDeploymentPostprocessing = 0;
		};
/* End PBXSourcesBuildPhase section */

/* Begin PBXTargetDependency section */
		3224EBE524696F0F001FFAFF /* PBXTargetDependency */ = {
			isa = PBXTargetDependency;
			target = 3224EBCC24696F0D001FFAFF /* snake */;
			targetProxy = 3224EBE424696F0F001FFAFF /* PBXContainerItemProxy */;
		};
		3224EBF024696F0F001FFAFF /* PBXTargetDependency */ = {
			isa = PBXTargetDependency;
			target = 3224EBCC24696F0D001FFAFF /* snake */;
			targetProxy = 3224EBEF24696F0F001FFAFF /* PBXContainerItemProxy */;
		};
/* End PBXTargetDependency section */

/* Begin PBXVariantGroup section */
		3224EBD624696F0D001FFAFF /* Main.storyboard */ = {
			isa = PBXVariantGroup;
			children = (
				3224EBD724696F0D001FFAFF /* Base */,
			);
			name = Main.storyboard;
			sourceTree = "<group>";
		};
		3224EBDB24696F0E001FFAFF /* LaunchScreen.storyboard */ = {
			isa = PBXVariantGroup;
			children = (
				3224EBDC24696F0E001FFAFF /* Base */,
			);
			name = LaunchScreen.storyboard;
			sourceTree = "<group>";
		};
/* End PBXVariantGroup section */

/* Begin XCBuildConfiguration section */
		3224EBF524696F0F001FFAFF /* Debug */ = {
			isa = XCBuildConfiguration;
			buildSettings = {
				ALWAYS_SEARCH_USER_PATHS = NO;
				CLANG_ANALYZER_NONNULL = YES;
				CLANG_ANALYZER_NUMBER_OBJECT_CONVERSION = YES_AGGRESSIVE;
				CLANG_CXX_LANGUAGE_STANDARD = "gnu++14";
				CLANG_CXX_LIBRARY = "libc++";
				CLANG_ENABLE_MODULES = YES;
				CLANG_ENABLE_OBJC_ARC = YES;
				CLANG_ENABLE_OBJC_WEAK = YES;
				CLANG_WARN_BLOCK_CAPTURE_AUTORELEASING = YES;
				CLANG_WARN_BOOL_CONVERSION = YES;
				CLANG_WARN_COMMA = YES;
				CLANG_WARN_CONSTANT_CONVERSION = YES;
				CLANG_WARN_DEPRECATED_OBJC_IMPLEMENTATIONS = YES;
				CLANG_WARN_DIRECT_OBJC_ISA_USAGE = YES_ERROR;
				CLANG_WARN_DOCUMENTATION_COMMENTS = YES;
				CLANG_WARN_EMPTY_BODY = YES;
				CLANG_WARN_ENUM_CONVERSION = YES;
				CLANG_WARN_INFINITE_RECURSION = YES;
				CLANG_WARN_INT_CONVERSION = YES;
				CLANG_WARN_NON_LITERAL_NULL_CONVERSION = YES;
				CLANG_WARN_OBJC_IMPLICIT_RETAIN_SELF = YES;
				CLANG_WARN_OBJC_LITERAL_CONVERSION = YES;
				CLANG_WARN_OBJC_ROOT_CLASS = YES_ERROR;
				CLANG_WARN_RANGE_LOOP_ANALYSIS = YES;
				CLANG_WARN_STRICT_PROTOTYPES = YES;
				CLANG_WARN_SUSPICIOUS_MOVE = YES;
				CLANG_WARN_UNGUARDED_AVAILABILITY = YES_AGGRESSIVE;
				CLANG_WARN_UNREACHABLE_CODE = YES;
				CLANG_WARN__DUPLICATE_METHOD_MATCH = YES;
				COPY_PHASE_STRIP = NO;
				DEBUG_INFORMATION_FORMAT = dwarf;
				ENABLE_STRICT_OBJC_MSGSEND = YES;
				ENABLE_TESTABILITY = YES;
				GCC_C_LANGUAGE_STANDARD = gnu11;
				GCC_DYNAMIC_NO_PIC = NO;
				GCC_NO_COMMON_BLOCKS = YES;
				GCC_OPTIMIZATION_LEVEL = 0;
				GCC_PREPROCESSOR_DEFINITIONS = (
					"DEBUG=1",
					"$(inherited)",
				);
				GCC_WARN_64_TO_32_BIT_CONVERSION = YES;
				GCC_WARN_ABOUT_RETURN_TYPE = YES_ERROR;
				GCC_WARN_UNDECLARED_SELECTOR = YES;
				GCC_WARN_UNINITIALIZED_AUTOS = YES_AGGRESSIVE;
				GCC_WARN_UNUSED_FUNCTION = YES;
				GCC_WARN_UNUSED_VARIABLE = YES;
				IPHONEOS_DEPLOYMENT_TARGET = 13.4;
				MTL_ENABLE_DEBUG_INFO = INCLUDE_SOURCE;
				MTL_FAST_MATH = YES;
				ONLY_ACTIVE_ARCH = YES;
				SDKROOT = iphoneos;
				SWIFT_ACTIVE_COMPILATION_CONDITIONS = DEBUG;
				SWIFT_OPTIMIZATION_LEVEL = "-Onone";
			};
			name = Debug;
		};
		3224EBF624696F0F001FFAFF /* Release */ = {
			isa = XCBuildConfiguration;
			buildSettings = {
				ALWAYS_SEARCH_USER_PATHS = NO;
				CLANG_ANALYZER_NONNULL = YES;
				CLANG_ANALYZER_NUMBER_OBJECT_CONVERSION = YES_AGGRESSIVE;
				CLANG_CXX_LANGUAGE_STANDARD = "gnu++14";
				CLANG_CXX_LIBRARY = "libc++";
				CLANG_ENABLE_MODULES = YES;
				CLANG_ENABLE_OBJC_ARC = YES;
				CLANG_ENABLE_OBJC_WEAK = YES;
				CLANG_WARN_BLOCK_CAPTURE_AUTORELEASING = YES;
				CLANG_WARN_BOOL_CONVERSION = YES;
				CLANG_WARN_COMMA = YES;
				CLANG_WARN_CONSTANT_CONVERSION = YES;
				CLANG_WARN_DEPRECATED_OBJC_IMPLEMENTATIONS = YES;
				CLANG_WARN_DIRECT_OBJC_ISA_USAGE = YES_ERROR;
				CLANG_WARN_DOCUMENTATION_COMMENTS = YES;
				CLANG_WARN_EMPTY_BODY = YES;
				CLANG_WARN_ENUM_CONVERSION = YES;
				CLANG_WARN_INFINITE_RECURSION = YES;
				CLANG_WARN_INT_CONVERSION = YES;
				CLANG_WARN_NON_LITERAL_NULL_CONVERSION = YES;
				CLANG_WARN_OBJC_IMPLICIT_RETAIN_SELF = YES;
				CLANG_WARN_OBJC_LITERAL_CONVERSION = YES;
				CLANG_WARN_OBJC_ROOT_CLASS = YES_ERROR;
				CLANG_WARN_RANGE_LOOP_ANALYSIS = YES;
				CLANG_WARN_STRICT_PROTOTYPES = YES;
				CLANG_WARN_SUSPICIOUS_MOVE = YES;
				CLANG_WARN_UNGUARDED_AVAILABILITY = YES_AGGRESSIVE;
				CLANG_WARN_UNREACHABLE_CODE = YES;
				CLANG_WARN__DUPLICATE_METHOD_MATCH = YES;
				COPY_PHASE_STRIP = NO;
				DEBUG_INFORMATION_FORMAT = "dwarf-with-dsym";
				ENABLE_NS_ASSERTIONS = NO;
				ENABLE_STRICT_OBJC_MSGSEND = YES;
				GCC_C_LANGUAGE_STANDARD = gnu11;
				GCC_NO_COMMON_BLOCKS = YES;
				GCC_WARN_64_TO_32_BIT_CONVERSION = YES;
				GCC_WARN_ABOUT_RETURN_TYPE = YES_ERROR;
				GCC_WARN_UNDECLARED_SELECTOR = YES;
				GCC_WARN_UNINITIALIZED_AUTOS = YES_AGGRESSIVE;
				GCC_WARN_UNUSED_FUNCTION = YES;
				GCC_WARN_UNUSED_VARIABLE = YES;
				IPHONEOS_DEPLOYMENT_TARGET = 13.4;
				MTL_ENABLE_DEBUG_INFO = NO;
				MTL_FAST_MATH = YES;
				SDKROOT = iphoneos;
				SWIFT_COMPILATION_MODE = wholemodule;
				SWIFT_OPTIMIZATION_LEVEL = "-O";
				VALIDATE_PRODUCT = YES;
			};
			name = Release;
		};
		3224EBF824696F0F001FFAFF /* Debug */ = {
			isa = XCBuildConfiguration;
			buildSettings = {
				ASSETCATALOG_COMPILER_APPICON_NAME = AppIcon;
				CODE_SIGN_STYLE = Automatic;
				INFOPLIST_FILE = snake/Info.plist;
				LD_RUNPATH_SEARCH_PATHS = (
					"$(inherited)",
					"@executable_path/Frameworks",
				);
				PRODUCT_BUNDLE_IDENTIFIER = com.igor.nadiein.snake;
				PRODUCT_NAME = "$(TARGET_NAME)";
				SWIFT_VERSION = 5.0;
				TARGETED_DEVICE_FAMILY = 1;
			};
			name = Debug;
		};
		3224EBF924696F0F001FFAFF /* Release */ = {
			isa = XCBuildConfiguration;
			buildSettings = {
				ASSETCATALOG_COMPILER_APPICON_NAME = AppIcon;
				CODE_SIGN_STYLE = Automatic;
				INFOPLIST_FILE = snake/Info.plist;
				LD_RUNPATH_SEARCH_PATHS = (
					"$(inherited)",
					"@executable_path/Frameworks",
				);
				PRODUCT_BUNDLE_IDENTIFIER = com.igor.nadiein.snake;
				PRODUCT_NAME = "$(TARGET_NAME)";
				SWIFT_VERSION = 5.0;
				TARGETED_DEVICE_FAMILY = 1;
			};
			name = Release;
		};
		3224EBFB24696F0F001FFAFF /* Debug */ = {
			isa = XCBuildConfiguration;
			buildSettings = {
				ALWAYS_EMBED_SWIFT_STANDARD_LIBRARIES = YES;
				BUNDLE_LOADER = "$(TEST_HOST)";
				CODE_SIGN_STYLE = Automatic;
				INFOPLIST_FILE = snakeTests/Info.plist;
				IPHONEOS_DEPLOYMENT_TARGET = 13.4;
				LD_RUNPATH_SEARCH_PATHS = (
					"$(inherited)",
					"@executable_path/Frameworks",
					"@loader_path/Frameworks",
				);
				PRODUCT_BUNDLE_IDENTIFIER = com.igor.nadiein.snakeTests;
				PRODUCT_NAME = "$(TARGET_NAME)";
				SWIFT_VERSION = 5.0;
				TARGETED_DEVICE_FAMILY = "1,2";
				TEST_HOST = "$(BUILT_PRODUCTS_DIR)/snake.app/snake";
			};
			name = Debug;
		};
		3224EBFC24696F0F001FFAFF /* Release */ = {
			isa = XCBuildConfiguration;
			buildSettings = {
				ALWAYS_EMBED_SWIFT_STANDARD_LIBRARIES = YES;
				BUNDLE_LOADER = "$(TEST_HOST)";
				CODE_SIGN_STYLE = Automatic;
				INFOPLIST_FILE = snakeTests/Info.plist;
				IPHONEOS_DEPLOYMENT_TARGET = 13.4;
				LD_RUNPATH_SEARCH_PATHS = (
					"$(inherited)",
					"@executable_path/Frameworks",
					"@loader_path/Frameworks",
				);
				PRODUCT_BUNDLE_IDENTIFIER = com.igor.nadiein.snakeTests;
				PRODUCT_NAME = "$(TARGET_NAME)";
				SWIFT_VERSION = 5.0;
				TARGETED_DEVICE_FAMILY = "1,2";
				TEST_HOST = "$(BUILT_PRODUCTS_DIR)/snake.app/snake";
			};
			name = Release;
		};
		3224EBFE24696F0F001FFAFF /* Debug */ = {
			isa = XCBuildConfiguration;
			buildSettings = {
				ALWAYS_EMBED_SWIFT_STANDARD_LIBRARIES = YES;
				CODE_SIGN_STYLE = Automatic;
				INFOPLIST_FILE = snakeUITests/Info.plist;
				LD_RUNPATH_SEARCH_PATHS = (
					"$(inherited)",
					"@executable_path/Frameworks",
					"@loader_path/Frameworks",
				);
				PRODUCT_BUNDLE_IDENTIFIER = com.igor.nadiein.snakeUITests;
				PRODUCT_NAME = "$(TARGET_NAME)";
				SWIFT_VERSION = 5.0;
				TARGETED_DEVICE_FAMILY = "1,2";
				TEST_TARGET_NAME = snake;
			};
			name = Debug;
		};
		3224EBFF24696F0F001FFAFF /* Release */ = {
			isa = XCBuildConfiguration;
			buildSettings = {
				ALWAYS_EMBED_SWIFT_STANDARD_LIBRARIES = YES;
				CODE_SIGN_STYLE = Automatic;
				INFOPLIST_FILE = snakeUITests/Info.plist;
				LD_RUNPATH_SEARCH_PATHS = (
					"$(inherited)",
					"@executable_path/Frameworks",
					"@loader_path/Frameworks",
				);
				PRODUCT_BUNDLE_IDENTIFIER = com.igor.nadiein.snakeUITests;
				PRODUCT_NAME = "$(TARGET_NAME)";
				SWIFT_VERSION = 5.0;
				TARGETED_DEVICE_FAMILY = "1,2";
				TEST_TARGET_NAME = snake;
			};
			name = Release;
		};
/* End XCBuildConfiguration section */

/* Begin XCConfigurationList section */
		3224EBC824696F0D001FFAFF /* Build configuration list for PBXProject "snake" */ = {
			isa = XCConfigurationList;
			buildConfigurations = (
				3224EBF524696F0F001FFAFF /* Debug */,
				3224EBF624696F0F001FFAFF /* Release */,
			);
			defaultConfigurationIsVisible = 0;
			defaultConfigurationName = Release;
		};
		3224EBF724696F0F001FFAFF /* Build configuration list for PBXNativeTarget "snake" */ = {
			isa = XCConfigurationList;
			buildConfigurations = (
				3224EBF824696F0F001FFAFF /* Debug */,
				3224EBF924696F0F001FFAFF /* Release */,
			);
			defaultConfigurationIsVisible = 0;
			defaultConfigurationName = Release;
		};
		3224EBFA24696F0F001FFAFF /* Build configuration list for PBXNativeTarget "snakeTests" */ = {
			isa = XCConfigurationList;
			buildConfigurations = (
				3224EBFB24696F0F001FFAFF /* Debug */,
				3224EBFC24696F0F001FFAFF /* Release */,
			);
			defaultConfigurationIsVisible = 0;
			defaultConfigurationName = Release;
		};
		3224EBFD24696F0F001FFAFF /* Build configuration list for PBXNativeTarget "snakeUITests" */ = {
			isa = XCConfigurationList;
			buildConfigurations = (
				3224EBFE24696F0F001FFAFF /* Debug */,
				3224EBFF24696F0F001FFAFF /* Release */,
			);
			defaultConfigurationIsVisible = 0;
			defaultConfigurationName = Release;
		};
/* End XCConfigurationList section */
	};
	rootObject = 3224EBC524696F0D001FFAFF /* Project object */;
}
